
Microsoft Visual Studio Solution File, Format Version 12.00
# Visual Studio 15
VisualStudioVersion = 15.0.28010.2046
MinimumVisualStudioVersion = 10.0.40219.1
Project("{FAE04EC0-301F-11D3-BF4B-00C04F79EFBC}") = "AdotAqui", "AdotAqui\AdotAqui.csproj", "{DF05469C-AA94-4D8B-83C2-F2685CC516D2}"
EndProject
Global
	GlobalSection(SolutionConfigurationPlatforms) = preSolution
		Debug|Any CPU = Debug|Any CPU
		Release|Any CPU = Release|Any CPU
	EndGlobalSection
	GlobalSection(ProjectConfigurationPlatforms) = postSolution
		{DF05469C-AA94-4D8B-83C2-F2685CC516D2}.Debug|Any CPU.ActiveCfg = Debug|Any CPU
		{DF05469C-AA94-4D8B-83C2-F2685CC516D2}.Debug|Any CPU.Build.0 = Debug|Any CPU
		{DF05469C-AA94-4D8B-83C2-F2685CC516D2}.Release|Any CPU.ActiveCfg = Release|Any CPU
		{DF05469C-AA94-4D8B-83C2-F2685CC516D2}.Release|Any CPU.Build.0 = Release|Any CPU
	EndGlobalSection
	GlobalSection(SolutionProperties) = preSolution
		HideSolutionNode = FALSE
	EndGlobalSection
	GlobalSection(ExtensibilityGlobals) = postSolution
		SolutionGuid = {869091E8-3BC9-4C22-8546-34BE82960002}
	EndGlobalSection
EndGlobal
