
Microsoft Visual Studio Solution File, Format Version 12.00
# Visual Studio 15
VisualStudioVersion = 15.0.28010.2050
MinimumVisualStudioVersion = 10.0.40219.1
Project("{FAE04EC0-301F-11D3-BF4B-00C04F79EFBC}") = "AdotAqui", "AdotAqui\AdotAqui.csproj", "{1CAC3F10-C28D-43C1-B47D-0A55102D93D7}"
EndProject
Global
	GlobalSection(SolutionConfigurationPlatforms) = preSolution
		Debug|Any CPU = Debug|Any CPU
		Release|Any CPU = Release|Any CPU
	EndGlobalSection
	GlobalSection(ProjectConfigurationPlatforms) = postSolution
		{1CAC3F10-C28D-43C1-B47D-0A55102D93D7}.Debug|Any CPU.ActiveCfg = Debug|Any CPU
		{1CAC3F10-C28D-43C1-B47D-0A55102D93D7}.Debug|Any CPU.Build.0 = Debug|Any CPU
		{1CAC3F10-C28D-43C1-B47D-0A55102D93D7}.Release|Any CPU.ActiveCfg = Release|Any CPU
		{1CAC3F10-C28D-43C1-B47D-0A55102D93D7}.Release|Any CPU.Build.0 = Release|Any CPU
	EndGlobalSection
	GlobalSection(SolutionProperties) = preSolution
		HideSolutionNode = FALSE
	EndGlobalSection
	GlobalSection(ExtensibilityGlobals) = postSolution
		SolutionGuid = {9A91C23E-BBFD-4AA7-B74E-0688CF977B6B}
	EndGlobalSection
EndGlobal
